
Microsoft Visual Studio Solution File, Format Version 12.00
# Visual Studio Version 16
VisualStudioVersion = 16.0.31005.135
MinimumVisualStudioVersion = 10.0.40219.1
Project("{9A19103F-16F7-4668-BE54-9A1E7A4F7556}") = "RodrigoQuestions", "RodrigoQuestions\RodrigoQuestions.csproj", "{34CB8AF1-B8B1-4889-84C1-281AB4F6F4BC}"
EndProject
Project("{FAE04EC0-301F-11D3-BF4B-00C04F79EFBC}") = "RodrigoQuestionsTests", "RodrigoQuestionsTests\RodrigoQuestionsTests.csproj", "{7FA32316-CC93-4369-927D-BE92BE61870A}"
EndProject
Global
	GlobalSection(SolutionConfigurationPlatforms) = preSolution
		Debug|Any CPU = Debug|Any CPU
		Release|Any CPU = Release|Any CPU
	EndGlobalSection
	GlobalSection(ProjectConfigurationPlatforms) = postSolution
		{34CB8AF1-B8B1-4889-84C1-281AB4F6F4BC}.Debug|Any CPU.ActiveCfg = Debug|Any CPU
		{34CB8AF1-B8B1-4889-84C1-281AB4F6F4BC}.Debug|Any CPU.Build.0 = Debug|Any CPU
		{34CB8AF1-B8B1-4889-84C1-281AB4F6F4BC}.Release|Any CPU.ActiveCfg = Release|Any CPU
		{34CB8AF1-B8B1-4889-84C1-281AB4F6F4BC}.Release|Any CPU.Build.0 = Release|Any CPU
		{7FA32316-CC93-4369-927D-BE92BE61870A}.Debug|Any CPU.ActiveCfg = Debug|Any CPU
		{7FA32316-CC93-4369-927D-BE92BE61870A}.Debug|Any CPU.Build.0 = Debug|Any CPU
		{7FA32316-CC93-4369-927D-BE92BE61870A}.Release|Any CPU.ActiveCfg = Release|Any CPU
		{7FA32316-CC93-4369-927D-BE92BE61870A}.Release|Any CPU.Build.0 = Release|Any CPU
	EndGlobalSection
	GlobalSection(SolutionProperties) = preSolution
		HideSolutionNode = FALSE
	EndGlobalSection
	GlobalSection(ExtensibilityGlobals) = postSolution
		SolutionGuid = {EF285F8B-FF89-40E1-B38A-4B5EC36911C9}
	EndGlobalSection
EndGlobal
